
Microsoft Visual Studio Solution File, Format Version 12.00
# Visual Studio Version 17
VisualStudioVersion = 17.0.31903.59
MinimumVisualStudioVersion = 10.0.40219.1
Project("{FAE04EC0-301F-11D3-BF4B-00C04F79EFBC}") = "Domain", "Domain\Domain.csproj", "{D3597399-05E0-41C7-816A-058C2C168D13}"
EndProject
Project("{FAE04EC0-301F-11D3-BF4B-00C04F79EFBC}") = "Persistence", "Persistence\Persistence.csproj", "{9B3950EC-1F0D-46F8-B112-A4BE81E5EDDD}"
EndProject
Project("{FAE04EC0-301F-11D3-BF4B-00C04F79EFBC}") = "API", "API\API.csproj", "{FBEF3146-0859-4A41-98C7-0F18251AE325}"
EndProject
Project("{FAE04EC0-301F-11D3-BF4B-00C04F79EFBC}") = "Application", "Application\Application.csproj", "{5F87D66B-2867-442F-AFF1-1E9A2C04C9AA}"
EndProject
Global
	GlobalSection(SolutionConfigurationPlatforms) = preSolution
		Debug|Any CPU = Debug|Any CPU
		Release|Any CPU = Release|Any CPU
	EndGlobalSection
	GlobalSection(SolutionProperties) = preSolution
		HideSolutionNode = FALSE
	EndGlobalSection
	GlobalSection(ProjectConfigurationPlatforms) = postSolution
		{D3597399-05E0-41C7-816A-058C2C168D13}.Debug|Any CPU.ActiveCfg = Debug|Any CPU
		{D3597399-05E0-41C7-816A-058C2C168D13}.Debug|Any CPU.Build.0 = Debug|Any CPU
		{D3597399-05E0-41C7-816A-058C2C168D13}.Release|Any CPU.ActiveCfg = Release|Any CPU
		{D3597399-05E0-41C7-816A-058C2C168D13}.Release|Any CPU.Build.0 = Release|Any CPU
		{9B3950EC-1F0D-46F8-B112-A4BE81E5EDDD}.Debug|Any CPU.ActiveCfg = Debug|Any CPU
		{9B3950EC-1F0D-46F8-B112-A4BE81E5EDDD}.Debug|Any CPU.Build.0 = Debug|Any CPU
		{9B3950EC-1F0D-46F8-B112-A4BE81E5EDDD}.Release|Any CPU.ActiveCfg = Release|Any CPU
		{9B3950EC-1F0D-46F8-B112-A4BE81E5EDDD}.Release|Any CPU.Build.0 = Release|Any CPU
		{FBEF3146-0859-4A41-98C7-0F18251AE325}.Debug|Any CPU.ActiveCfg = Debug|Any CPU
		{FBEF3146-0859-4A41-98C7-0F18251AE325}.Debug|Any CPU.Build.0 = Debug|Any CPU
		{FBEF3146-0859-4A41-98C7-0F18251AE325}.Release|Any CPU.ActiveCfg = Release|Any CPU
		{FBEF3146-0859-4A41-98C7-0F18251AE325}.Release|Any CPU.Build.0 = Release|Any CPU
		{5F87D66B-2867-442F-AFF1-1E9A2C04C9AA}.Debug|Any CPU.ActiveCfg = Debug|Any CPU
		{5F87D66B-2867-442F-AFF1-1E9A2C04C9AA}.Debug|Any CPU.Build.0 = Debug|Any CPU
		{5F87D66B-2867-442F-AFF1-1E9A2C04C9AA}.Release|Any CPU.ActiveCfg = Release|Any CPU
		{5F87D66B-2867-442F-AFF1-1E9A2C04C9AA}.Release|Any CPU.Build.0 = Release|Any CPU
	EndGlobalSection
EndGlobal
